
Microsoft Visual Studio Solution File, Format Version 12.00
# Visual Studio Version 16
VisualStudioVersion = 16.0.30611.23
MinimumVisualStudioVersion = 10.0.40219.1
Project("{FAE04EC0-301F-11D3-BF4B-00C04F79EFBC}") = "POO_Conta_Poupanca", "POO_Conta_Poupanca\POO_Conta_Poupanca.csproj", "{4FFE6DBE-6E71-4162-A248-E22E81799F64}"
EndProject
Global
	GlobalSection(SolutionConfigurationPlatforms) = preSolution
		Debug|Any CPU = Debug|Any CPU
		Release|Any CPU = Release|Any CPU
	EndGlobalSection
	GlobalSection(ProjectConfigurationPlatforms) = postSolution
		{4FFE6DBE-6E71-4162-A248-E22E81799F64}.Debug|Any CPU.ActiveCfg = Debug|Any CPU
		{4FFE6DBE-6E71-4162-A248-E22E81799F64}.Debug|Any CPU.Build.0 = Debug|Any CPU
		{4FFE6DBE-6E71-4162-A248-E22E81799F64}.Release|Any CPU.ActiveCfg = Release|Any CPU
		{4FFE6DBE-6E71-4162-A248-E22E81799F64}.Release|Any CPU.Build.0 = Release|Any CPU
	EndGlobalSection
	GlobalSection(SolutionProperties) = preSolution
		HideSolutionNode = FALSE
	EndGlobalSection
	GlobalSection(ExtensibilityGlobals) = postSolution
		SolutionGuid = {C3EFED60-C554-460A-802E-2891C23C0E35}
	EndGlobalSection
EndGlobal
